
Microsoft Visual Studio Solution File, Format Version 12.00
# Visual Studio Version 16
VisualStudioVersion = 16.0.31205.134
MinimumVisualStudioVersion = 10.0.40219.1
Project("{FAE04EC0-301F-11D3-BF4B-00C04F79EFBC}") = "ClienteGestionHorasExtra", "ClienteGestionHorasExtra\ClienteGestionHorasExtra.csproj", "{8A25F934-E922-4BB4-B083-FDC5F071771E}"
EndProject
Global
	GlobalSection(SolutionConfigurationPlatforms) = preSolution
		Debug|Any CPU = Debug|Any CPU
		Release|Any CPU = Release|Any CPU
	EndGlobalSection
	GlobalSection(ProjectConfigurationPlatforms) = postSolution
		{8A25F934-E922-4BB4-B083-FDC5F071771E}.Debug|Any CPU.ActiveCfg = Debug|Any CPU
		{8A25F934-E922-4BB4-B083-FDC5F071771E}.Debug|Any CPU.Build.0 = Debug|Any CPU
		{8A25F934-E922-4BB4-B083-FDC5F071771E}.Release|Any CPU.ActiveCfg = Release|Any CPU
		{8A25F934-E922-4BB4-B083-FDC5F071771E}.Release|Any CPU.Build.0 = Release|Any CPU
	EndGlobalSection
	GlobalSection(SolutionProperties) = preSolution
		HideSolutionNode = FALSE
	EndGlobalSection
	GlobalSection(ExtensibilityGlobals) = postSolution
		SolutionGuid = {6E476211-394E-4B3C-8954-E85B9B41E341}
	EndGlobalSection
EndGlobal
